
Microsoft Visual Studio Solution File, Format Version 12.00
# Visual Studio Version 17
VisualStudioVersion = 17.0.31912.275
MinimumVisualStudioVersion = 10.0.40219.1
Project("{9A19103F-16F7-4668-BE54-9A1E7A4F7556}") = "ShortestPath", "ShortestPath\ShortestPath.csproj", "{41F1FF02-CDCD-457E-B1DD-52F8F614EC74}"
EndProject
Project("{2150E333-8FDC-42A3-9474-1A3956D46DE8}") = "Solution Items", "Solution Items", "{6FC60468-C78E-493D-A9F0-2AE5145F1970}"
EndProject
Project("{FAE04EC0-301F-11D3-BF4B-00C04F79EFBC}") = "UnitTests", "UnitTests\UnitTests.csproj", "{E296E6A1-0AAA-472A-A641-057D43D24308}"
EndProject
Global
	GlobalSection(SolutionConfigurationPlatforms) = preSolution
		Debug|Any CPU = Debug|Any CPU
		Release|Any CPU = Release|Any CPU
	EndGlobalSection
	GlobalSection(ProjectConfigurationPlatforms) = postSolution
		{41F1FF02-CDCD-457E-B1DD-52F8F614EC74}.Debug|Any CPU.ActiveCfg = Debug|Any CPU
		{41F1FF02-CDCD-457E-B1DD-52F8F614EC74}.Debug|Any CPU.Build.0 = Debug|Any CPU
		{41F1FF02-CDCD-457E-B1DD-52F8F614EC74}.Release|Any CPU.ActiveCfg = Release|Any CPU
		{41F1FF02-CDCD-457E-B1DD-52F8F614EC74}.Release|Any CPU.Build.0 = Release|Any CPU
		{E296E6A1-0AAA-472A-A641-057D43D24308}.Debug|Any CPU.ActiveCfg = Debug|Any CPU
		{E296E6A1-0AAA-472A-A641-057D43D24308}.Debug|Any CPU.Build.0 = Debug|Any CPU
		{E296E6A1-0AAA-472A-A641-057D43D24308}.Release|Any CPU.ActiveCfg = Release|Any CPU
		{E296E6A1-0AAA-472A-A641-057D43D24308}.Release|Any CPU.Build.0 = Release|Any CPU
	EndGlobalSection
	GlobalSection(SolutionProperties) = preSolution
		HideSolutionNode = FALSE
	EndGlobalSection
	GlobalSection(ExtensibilityGlobals) = postSolution
		SolutionGuid = {46B72AA9-6B95-44B9-9887-21C390376614}
	EndGlobalSection
EndGlobal
